{
  "name": "bi-template",
  "version": "1.0.0",
  "lockfileVersion": 1,
  "requires": true,
  "dependencies": {
    "chalk": {
      "version": "2.4.2",
      "resolved": "http://registry.npm.taobao.org/chalk/download/chalk-2.4.2.tgz",
      "dependencies": {
        "ansi-styles": {
          "version": "http://registry.npm.taobao.org/ansi-styles/download/ansi-styles-3.2.1.tgz",
          "bundled": true,
          "dependencies": {
            "color-convert": {
              "version": "http://registry.npm.taobao.org/color-convert/download/color-convert-1.9.3.tgz"
            }
          }
        },
        "escape-string-regexp": {
          "version": "http://registry.npm.taobao.org/escape-string-regexp/download/escape-string-regexp-1.0.5.tgz",
          "bundled": true
        },
        "supports-color": {
          "version": "http://registry.npm.taobao.org/supports-color/download/supports-color-5.5.0.tgz",
          "bundled": true
        }
      }
    },
    "commander": {
      "version": "2.19.0",
      "resolved": "http://registry.npm.taobao.org/commander/download/commander-2.19.0.tgz"
    },
    "inquirer": {
      "version": "6.2.2",
      "resolved": "http://registry.npm.taobao.org/inquirer/download/inquirer-6.2.2.tgz",
      "requires": {
        "chalk": "^2.4.2"
      },
      "dependencies": {
        "ansi-escapes": {
          "version": "http://registry.npm.taobao.org/ansi-escapes/download/ansi-escapes-3.2.0.tgz",
          "bundled": true
        },
        "chalk": {
          "version": "http://registry.npm.taobao.org/chalk/download/chalk-2.4.2.tgz",
          "bundled": true,
          "dependencies": {
            "ansi-styles": {
              "version": "http://registry.npm.taobao.org/ansi-styles/download/ansi-styles-3.2.1.tgz",
              "bundled": true,
              "dependencies": {}
            },
            "escape-string-regexp": {
              "version": "http://registry.npm.taobao.org/escape-string-regexp/download/escape-string-regexp-1.0.5.tgz",
              "bundled": true
            },
            "supports-color": {
              "version": "http://registry.npm.taobao.org/supports-color/download/supports-color-5.5.0.tgz",
              "bundled": true
            }
          }
        },
        "cli-cursor": {
          "version": "http://registry.npm.taobao.org/cli-cursor/download/cli-cursor-2.1.0.tgz",
          "bundled": true
        },
        "cli-width": {
          "version": "http://registry.npm.taobao.org/cli-width/download/cli-width-2.2.0.tgz",
          "bundled": true
        },
        "external-editor": {
          "version": "http://registry.npm.taobao.org/external-editor/download/external-editor-3.0.3.tgz",
          "bundled": true
        },
        "figures": {
          "version": "http://registry.npm.taobao.org/figures/download/figures-2.0.0.tgz",
          "bundled": true
        },
        "lodash": {
          "version": "http://registry.npm.taobao.org/lodash/download/lodash-4.17.11.tgz",
          "bundled": true
        },
        "mute-stream": {
          "version": "http://registry.npm.taobao.org/mute-stream/download/mute-stream-0.0.7.tgz",
          "bundled": true
        },
        "run-async": {
          "version": "http://registry.npm.taobao.org/run-async/download/run-async-2.3.0.tgz",
          "bundled": true
        },
        "rxjs": {
          "version": "http://registry.npm.taobao.org/rxjs/download/rxjs-6.4.0.tgz",
          "bundled": true
        },
        "string-width": {
          "version": "http://registry.npm.taobao.org/string-width/download/string-width-2.1.1.tgz",
          "bundled": true
        },
        "strip-ansi": {
          "version": "http://registry.npm.taobao.org/strip-ansi/download/strip-ansi-5.1.0.tgz",
          "bundled": true
        },
        "through": {
          "version": "http://registry.npm.taobao.org/through/download/through-2.3.8.tgz",
          "bundled": true
        }
      }
    }
  }
}
